
Microsoft Visual Studio Solution File, Format Version 12.00
# Visual Studio Version 17
VisualStudioVersion = 17.9.34723.18
MinimumVisualStudioVersion = 10.0.40219.1
Project("{FAE04EC0-301F-11D3-BF4B-00C04F79EFBC}") = "UserManagementSystem", "UserManagementSystem.csproj", "{E645BCBE-0F56-4AAC-A5F9-1B87823C0974}"
EndProject
Global
	GlobalSection(SolutionConfigurationPlatforms) = preSolution
		Debug|Any CPU = Debug|Any CPU
		Release|Any CPU = Release|Any CPU
	EndGlobalSection
	GlobalSection(ProjectConfigurationPlatforms) = postSolution
		{E645BCBE-0F56-4AAC-A5F9-1B87823C0974}.Debug|Any CPU.ActiveCfg = Debug|Any CPU
		{E645BCBE-0F56-4AAC-A5F9-1B87823C0974}.Debug|Any CPU.Build.0 = Debug|Any CPU
		{E645BCBE-0F56-4AAC-A5F9-1B87823C0974}.Release|Any CPU.ActiveCfg = Release|Any CPU
		{E645BCBE-0F56-4AAC-A5F9-1B87823C0974}.Release|Any CPU.Build.0 = Release|Any CPU
	EndGlobalSection
	GlobalSection(SolutionProperties) = preSolution
		HideSolutionNode = FALSE
	EndGlobalSection
	GlobalSection(ExtensibilityGlobals) = postSolution
		SolutionGuid = {38BADE6C-7E88-4828-94F3-2654B219E4B7}
	EndGlobalSection
EndGlobal
